# This file is automatically @generated by Cargo.
# It is not intended for manual editing.
version = 3

[[package]]
name = "catan-ai"
version = "0.1.0"
dependencies = [
 "catan-core",
]

[[package]]
name = "catan-cli"
version = "0.1.0"
dependencies = [
 "catan-ai",
 "catan-core",
]

[[package]]
name = "catan-core"
version = "0.1.0"

[[package]]
name = "catan-wasm"
version = "0.1.0"
dependencies = [
 "catan-ai",
 "catan-core",
]
